// !$*UTF8*$!
{
	archiveVersion = 1;
	classes = {
	};
	objectVersion = 50;
	objects = {

/* Begin PBXBuildFile section */
		966D5B33249185B6008871AB /* AppDelegate.swift in Sources */ = {isa = PBXBuildFile; fileRef = 966D5B32249185B6008871AB /* AppDelegate.swift */; };
		966D5B3A249185B6008871AB /* Main.storyboard in Resources */ = {isa = PBXBuildFile; fileRef = 966D5B38249185B6008871AB /* Main.storyboard */; };
		966D5B3C249185BD008871AB /* Assets.xcassets in Resources */ = {isa = PBXBuildFile; fileRef = 966D5B3B249185BD008871AB /* Assets.xcassets */; };
		966D5B3F249185BD008871AB /* LaunchScreen.storyboard in Resources */ = {isa = PBXBuildFile; fileRef = 966D5B3D249185BD008871AB /* LaunchScreen.storyboard */; };
		966D5B4C24918822008871AB /* ImgurAPI.swift in Sources */ = {isa = PBXBuildFile; fileRef = 966D5B4B24918822008871AB /* ImgurAPI.swift */; };
		966D5B4E2491908D008871AB /* Imgur.swift in Sources */ = {isa = PBXBuildFile; fileRef = 966D5B4D2491908D008871AB /* Imgur.swift */; };
		966D5B5124919628008871AB /* GalleryViewModel.swift in Sources */ = {isa = PBXBuildFile; fileRef = 966D5B5024919628008871AB /* GalleryViewModel.swift */; };
		966D5B572491A6D3008871AB /* GalleryCollectionViewController.swift in Sources */ = {isa = PBXBuildFile; fileRef = 966D5B562491A6D3008871AB /* GalleryCollectionViewController.swift */; };
		966F79D22492D96300CC05D0 /* GalleryCollectionViewCell.swift in Sources */ = {isa = PBXBuildFile; fileRef = 966F79D12492D96300CC05D0 /* GalleryCollectionViewCell.swift */; };
		966F79D42492D9B900CC05D0 /* GalleryCellViewModel.swift in Sources */ = {isa = PBXBuildFile; fileRef = 966F79D32492D9B900CC05D0 /* GalleryCellViewModel.swift */; };
		96F0E2D82493DDF3006808F8 /* ImageCache.swift in Sources */ = {isa = PBXBuildFile; fileRef = 96F0E2D72493DDF3006808F8 /* ImageCache.swift */; };
/* End PBXBuildFile section */

/* Begin PBXFileReference section */
		966D5B2F249185B5008871AB /* Cats Gallery.app */ = {isa = PBXFileReference; explicitFileType = wrapper.application; includeInIndex = 0; path = "Cats Gallery.app"; sourceTree = BUILT_PRODUCTS_DIR; };
		966D5B32249185B6008871AB /* AppDelegate.swift */ = {isa = PBXFileReference; lastKnownFileType = sourcecode.swift; path = AppDelegate.swift; sourceTree = "<group>"; };
		966D5B39249185B6008871AB /* Base */ = {isa = PBXFileReference; lastKnownFileType = file.storyboard; name = Base; path = Base.lproj/Main.storyboard; sourceTree = "<group>"; };
		966D5B3B249185BD008871AB /* Assets.xcassets */ = {isa = PBXFileReference; lastKnownFileType = folder.assetcatalog; path = Assets.xcassets; sourceTree = "<group>"; };
		966D5B3E249185BD008871AB /* Base */ = {isa = PBXFileReference; lastKnownFileType = file.storyboard; name = Base; path = Base.lproj/LaunchScreen.storyboard; sourceTree = "<group>"; };
		966D5B40249185BD008871AB /* Info.plist */ = {isa = PBXFileReference; lastKnownFileType = text.plist.xml; path = Info.plist; sourceTree = "<group>"; };
		966D5B4B24918822008871AB /* ImgurAPI.swift */ = {isa = PBXFileReference; lastKnownFileType = sourcecode.swift; path = ImgurAPI.swift; sourceTree = "<group>"; };
		966D5B4D2491908D008871AB /* Imgur.swift */ = {isa = PBXFileReference; lastKnownFileType = sourcecode.swift; path = Imgur.swift; sourceTree = "<group>"; };
		966D5B5024919628008871AB /* GalleryViewModel.swift */ = {isa = PBXFileReference; lastKnownFileType = sourcecode.swift; path = GalleryViewModel.swift; sourceTree = "<group>"; };
		966D5B562491A6D3008871AB /* GalleryCollectionViewController.swift */ = {isa = PBXFileReference; lastKnownFileType = sourcecode.swift; path = GalleryCollectionViewController.swift; sourceTree = "<group>"; };
		966F79D12492D96300CC05D0 /* GalleryCollectionViewCell.swift */ = {isa = PBXFileReference; lastKnownFileType = sourcecode.swift; path = GalleryCollectionViewCell.swift; sourceTree = "<group>"; };
		966F79D32492D9B900CC05D0 /* GalleryCellViewModel.swift */ = {isa = PBXFileReference; lastKnownFileType = sourcecode.swift; path = GalleryCellViewModel.swift; sourceTree = "<group>"; };
		96F0E2D72493DDF3006808F8 /* ImageCache.swift */ = {isa = PBXFileReference; lastKnownFileType = sourcecode.swift; path = ImageCache.swift; sourceTree = "<group>"; };
/* End PBXFileReference section */

/* Begin PBXFrameworksBuildPhase section */
		966D5B2C249185B5008871AB /* Frameworks */ = {
			isa = PBXFrameworksBuildPhase;
			buildActionMask = 2147483647;
			files = (
			);
			runOnlyForDeploymentPostprocessing = 0;
		};
/* End PBXFrameworksBuildPhase section */

/* Begin PBXGroup section */
		966D5B26249185B5008871AB = {
			isa = PBXGroup;
			children = (
				966D5B31249185B5008871AB /* CatsGallery */,
				966D5B30249185B5008871AB /* Products */,
			);
			sourceTree = "<group>";
		};
		966D5B30249185B5008871AB /* Products */ = {
			isa = PBXGroup;
			children = (
				966D5B2F249185B5008871AB /* Cats Gallery.app */,
			);
			name = Products;
			sourceTree = "<group>";
		};
		966D5B31249185B5008871AB /* CatsGallery */ = {
			isa = PBXGroup;
			children = (
				966D5B552491A62E008871AB /* Controller */,
				966D5B47249187A0008871AB /* Model */,
				966D5B48249187A5008871AB /* View */,
				966D5B49249187B1008871AB /* ViewModel */,
				966D5B4A249187F1008871AB /* Service */,
				966D5B3D249185BD008871AB /* LaunchScreen.storyboard */,
				966D5B32249185B6008871AB /* AppDelegate.swift */,
				966D5B3B249185BD008871AB /* Assets.xcassets */,
				966D5B40249185BD008871AB /* Info.plist */,
			);
			path = CatsGallery;
			sourceTree = "<group>";
		};
		966D5B47249187A0008871AB /* Model */ = {
			isa = PBXGroup;
			children = (
				966D5B4D2491908D008871AB /* Imgur.swift */,
			);
			path = Model;
			sourceTree = "<group>";
		};
		966D5B48249187A5008871AB /* View */ = {
			isa = PBXGroup;
			children = (
				966D5B38249185B6008871AB /* Main.storyboard */,
				966F79D12492D96300CC05D0 /* GalleryCollectionViewCell.swift */,
			);
			path = View;
			sourceTree = "<group>";
		};
		966D5B49249187B1008871AB /* ViewModel */ = {
			isa = PBXGroup;
			children = (
				966D5B5024919628008871AB /* GalleryViewModel.swift */,
				966F79D32492D9B900CC05D0 /* GalleryCellViewModel.swift */,
			);
			path = ViewModel;
			sourceTree = "<group>";
		};
		966D5B4A249187F1008871AB /* Service */ = {
			isa = PBXGroup;
			children = (
				966D5B4B24918822008871AB /* ImgurAPI.swift */,
				96F0E2D72493DDF3006808F8 /* ImageCache.swift */,
			);
			path = Service;
			sourceTree = "<group>";
		};
		966D5B552491A62E008871AB /* Controller */ = {
			isa = PBXGroup;
			children = (
				966D5B562491A6D3008871AB /* GalleryCollectionViewController.swift */,
			);
			path = Controller;
			sourceTree = "<group>";
		};
/* End PBXGroup section */

/* Begin PBXNativeTarget section */
		966D5B2E249185B5008871AB /* CatsGallery */ = {
			isa = PBXNativeTarget;
			buildConfigurationList = 966D5B43249185BD008871AB /* Build configuration list for PBXNativeTarget "CatsGallery" */;
			buildPhases = (
				966D5B2B249185B5008871AB /* Sources */,
				966D5B2C249185B5008871AB /* Frameworks */,
				966D5B2D249185B5008871AB /* Resources */,
			);
			buildRules = (
			);
			dependencies = (
			);
			name = CatsGallery;
			productName = CatsGallery;
			productReference = 966D5B2F249185B5008871AB /* Cats Gallery.app */;
			productType = "com.apple.product-type.application";
		};
/* End PBXNativeTarget section */

/* Begin PBXProject section */
		966D5B27249185B5008871AB /* Project object */ = {
			isa = PBXProject;
			attributes = {
				LastSwiftUpdateCheck = 1150;
				LastUpgradeCheck = 1150;
				ORGANIZATIONNAME = "Matheus Cunha";
				TargetAttributes = {
					966D5B2E249185B5008871AB = {
						CreatedOnToolsVersion = 11.5;
					};
				};
			};
			buildConfigurationList = 966D5B2A249185B5008871AB /* Build configuration list for PBXProject "CatsGallery" */;
			compatibilityVersion = "Xcode 9.3";
			developmentRegion = en;
			hasScannedForEncodings = 0;
			knownRegions = (
				en,
				Base,
			);
			mainGroup = 966D5B26249185B5008871AB;
			productRefGroup = 966D5B30249185B5008871AB /* Products */;
			projectDirPath = "";
			projectRoot = "";
			targets = (
				966D5B2E249185B5008871AB /* CatsGallery */,
			);
		};
/* End PBXProject section */

/* Begin PBXResourcesBuildPhase section */
		966D5B2D249185B5008871AB /* Resources */ = {
			isa = PBXResourcesBuildPhase;
			buildActionMask = 2147483647;
			files = (
				966D5B3F249185BD008871AB /* LaunchScreen.storyboard in Resources */,
				966D5B3C249185BD008871AB /* Assets.xcassets in Resources */,
				966D5B3A249185B6008871AB /* Main.storyboard in Resources */,
			);
			runOnlyForDeploymentPostprocessing = 0;
		};
/* End PBXResourcesBuildPhase section */

/* Begin PBXSourcesBuildPhase section */
		966D5B2B249185B5008871AB /* Sources */ = {
			isa = PBXSourcesBuildPhase;
			buildActionMask = 2147483647;
			files = (
				96F0E2D82493DDF3006808F8 /* ImageCache.swift in Sources */,
				966D5B5124919628008871AB /* GalleryViewModel.swift in Sources */,
				966F79D42492D9B900CC05D0 /* GalleryCellViewModel.swift in Sources */,
				966D5B33249185B6008871AB /* AppDelegate.swift in Sources */,
				966D5B572491A6D3008871AB /* GalleryCollectionViewController.swift in Sources */,
				966D5B4C24918822008871AB /* ImgurAPI.swift in Sources */,
				966F79D22492D96300CC05D0 /* GalleryCollectionViewCell.swift in Sources */,
				966D5B4E2491908D008871AB /* Imgur.swift in Sources */,
			);
			runOnlyForDeploymentPostprocessing = 0;
		};
/* End PBXSourcesBuildPhase section */

/* Begin PBXVariantGroup section */
		966D5B38249185B6008871AB /* Main.storyboard */ = {
			isa = PBXVariantGroup;
			children = (
				966D5B39249185B6008871AB /* Base */,
			);
			name = Main.storyboard;
			sourceTree = "<group>";
		};
		966D5B3D249185BD008871AB /* LaunchScreen.storyboard */ = {
			isa = PBXVariantGroup;
			children = (
				966D5B3E249185BD008871AB /* Base */,
			);
			name = LaunchScreen.storyboard;
			sourceTree = "<group>";
		};
/* End PBXVariantGroup section */

/* Begin XCBuildConfiguration section */
		966D5B41249185BD008871AB /* Debug */ = {
			isa = XCBuildConfiguration;
			buildSettings = {
				ALWAYS_SEARCH_USER_PATHS = NO;
				CLANG_ANALYZER_NONNULL = YES;
				CLANG_ANALYZER_NUMBER_OBJECT_CONVERSION = YES_AGGRESSIVE;
				CLANG_CXX_LANGUAGE_STANDARD = "gnu++14";
				CLANG_CXX_LIBRARY = "libc++";
				CLANG_ENABLE_MODULES = YES;
				CLANG_ENABLE_OBJC_ARC = YES;
				CLANG_ENABLE_OBJC_WEAK = YES;
				CLANG_WARN_BLOCK_CAPTURE_AUTORELEASING = YES;
				CLANG_WARN_BOOL_CONVERSION = YES;
				CLANG_WARN_COMMA = YES;
				CLANG_WARN_CONSTANT_CONVERSION = YES;
				CLANG_WARN_DEPRECATED_OBJC_IMPLEMENTATIONS = YES;
				CLANG_WARN_DIRECT_OBJC_ISA_USAGE = YES_ERROR;
				CLANG_WARN_DOCUMENTATION_COMMENTS = YES;
				CLANG_WARN_EMPTY_BODY = YES;
				CLANG_WARN_ENUM_CONVERSION = YES;
				CLANG_WARN_INFINITE_RECURSION = YES;
				CLANG_WARN_INT_CONVERSION = YES;
				CLANG_WARN_NON_LITERAL_NULL_CONVERSION = YES;
				CLANG_WARN_OBJC_IMPLICIT_RETAIN_SELF = YES;
				CLANG_WARN_OBJC_LITERAL_CONVERSION = YES;
				CLANG_WARN_OBJC_ROOT_CLASS = YES_ERROR;
				CLANG_WARN_RANGE_LOOP_ANALYSIS = YES;
				CLANG_WARN_STRICT_PROTOTYPES = YES;
				CLANG_WARN_SUSPICIOUS_MOVE = YES;
				CLANG_WARN_UNGUARDED_AVAILABILITY = YES_AGGRESSIVE;
				CLANG_WARN_UNREACHABLE_CODE = YES;
				CLANG_WARN__DUPLICATE_METHOD_MATCH = YES;
				COPY_PHASE_STRIP = NO;
				DEBUG_INFORMATION_FORMAT = dwarf;
				ENABLE_STRICT_OBJC_MSGSEND = YES;
				ENABLE_TESTABILITY = YES;
				GCC_C_LANGUAGE_STANDARD = gnu11;
				GCC_DYNAMIC_NO_PIC = NO;
				GCC_NO_COMMON_BLOCKS = YES;
				GCC_OPTIMIZATION_LEVEL = 0;
				GCC_PREPROCESSOR_DEFINITIONS = (
					"DEBUG=1",
					"$(inherited)",
				);
				GCC_WARN_64_TO_32_BIT_CONVERSION = YES;
				GCC_WARN_ABOUT_RETURN_TYPE = YES_ERROR;
				GCC_WARN_UNDECLARED_SELECTOR = YES;
				GCC_WARN_UNINITIALIZED_AUTOS = YES_AGGRESSIVE;
				GCC_WARN_UNUSED_FUNCTION = YES;
				GCC_WARN_UNUSED_VARIABLE = YES;
				IPHONEOS_DEPLOYMENT_TARGET = 13.5;
				MTL_ENABLE_DEBUG_INFO = INCLUDE_SOURCE;
				MTL_FAST_MATH = YES;
				ONLY_ACTIVE_ARCH = YES;
				SDKROOT = iphoneos;
				SWIFT_ACTIVE_COMPILATION_CONDITIONS = DEBUG;
				SWIFT_OPTIMIZATION_LEVEL = "-Onone";
			};
			name = Debug;
		};
		966D5B42249185BD008871AB /* Release */ = {
			isa = XCBuildConfiguration;
			buildSettings = {
				ALWAYS_SEARCH_USER_PATHS = NO;
				CLANG_ANALYZER_NONNULL = YES;
				CLANG_ANALYZER_NUMBER_OBJECT_CONVERSION = YES_AGGRESSIVE;
				CLANG_CXX_LANGUAGE_STANDARD = "gnu++14";
				CLANG_CXX_LIBRARY = "libc++";
				CLANG_ENABLE_MODULES = YES;
				CLANG_ENABLE_OBJC_ARC = YES;
				CLANG_ENABLE_OBJC_WEAK = YES;
				CLANG_WARN_BLOCK_CAPTURE_AUTORELEASING = YES;
				CLANG_WARN_BOOL_CONVERSION = YES;
				CLANG_WARN_COMMA = YES;
				CLANG_WARN_CONSTANT_CONVERSION = YES;
				CLANG_WARN_DEPRECATED_OBJC_IMPLEMENTATIONS = YES;
				CLANG_WARN_DIRECT_OBJC_ISA_USAGE = YES_ERROR;
				CLANG_WARN_DOCUMENTATION_COMMENTS = YES;
				CLANG_WARN_EMPTY_BODY = YES;
				CLANG_WARN_ENUM_CONVERSION = YES;
				CLANG_WARN_INFINITE_RECURSION = YES;
				CLANG_WARN_INT_CONVERSION = YES;
				CLANG_WARN_NON_LITERAL_NULL_CONVERSION = YES;
				CLANG_WARN_OBJC_IMPLICIT_RETAIN_SELF = YES;
				CLANG_WARN_OBJC_LITERAL_CONVERSION = YES;
				CLANG_WARN_OBJC_ROOT_CLASS = YES_ERROR;
				CLANG_WARN_RANGE_LOOP_ANALYSIS = YES;
				CLANG_WARN_STRICT_PROTOTYPES = YES;
				CLANG_WARN_SUSPICIOUS_MOVE = YES;
				CLANG_WARN_UNGUARDED_AVAILABILITY = YES_AGGRESSIVE;
				CLANG_WARN_UNREACHABLE_CODE = YES;
				CLANG_WARN__DUPLICATE_METHOD_MATCH = YES;
				COPY_PHASE_STRIP = NO;
				DEBUG_INFORMATION_FORMAT = "dwarf-with-dsym";
				ENABLE_NS_ASSERTIONS = NO;
				ENABLE_STRICT_OBJC_MSGSEND = YES;
				GCC_C_LANGUAGE_STANDARD = gnu11;
				GCC_NO_COMMON_BLOCKS = YES;
				GCC_WARN_64_TO_32_BIT_CONVERSION = YES;
				GCC_WARN_ABOUT_RETURN_TYPE = YES_ERROR;
				GCC_WARN_UNDECLARED_SELECTOR = YES;
				GCC_WARN_UNINITIALIZED_AUTOS = YES_AGGRESSIVE;
				GCC_WARN_UNUSED_FUNCTION = YES;
				GCC_WARN_UNUSED_VARIABLE = YES;
				IPHONEOS_DEPLOYMENT_TARGET = 13.5;
				MTL_ENABLE_DEBUG_INFO = NO;
				MTL_FAST_MATH = YES;
				SDKROOT = iphoneos;
				SWIFT_COMPILATION_MODE = wholemodule;
				SWIFT_OPTIMIZATION_LEVEL = "-O";
				VALIDATE_PRODUCT = YES;
			};
			name = Release;
		};
		966D5B44249185BD008871AB /* Debug */ = {
			isa = XCBuildConfiguration;
			buildSettings = {
				ASSETCATALOG_COMPILER_APPICON_NAME = AppIcon;
				CODE_SIGN_STYLE = Automatic;
				DEVELOPMENT_TEAM = S25NP448HK;
				INFOPLIST_FILE = CatsGallery/Info.plist;
				LD_RUNPATH_SEARCH_PATHS = (
					"$(inherited)",
					"@executable_path/Frameworks",
				);
				PRODUCT_BUNDLE_IDENTIFIER = com.br.mcunha.CatsGallery;
				PRODUCT_NAME = "Cats Gallery";
				SWIFT_VERSION = 5.0;
				TARGETED_DEVICE_FAMILY = "1,2";
			};
			name = Debug;
		};
		966D5B45249185BD008871AB /* Release */ = {
			isa = XCBuildConfiguration;
			buildSettings = {
				ASSETCATALOG_COMPILER_APPICON_NAME = AppIcon;
				CODE_SIGN_STYLE = Automatic;
				DEVELOPMENT_TEAM = S25NP448HK;
				INFOPLIST_FILE = CatsGallery/Info.plist;
				LD_RUNPATH_SEARCH_PATHS = (
					"$(inherited)",
					"@executable_path/Frameworks",
				);
				PRODUCT_BUNDLE_IDENTIFIER = com.br.mcunha.CatsGallery;
				PRODUCT_NAME = "Cats Gallery";
				SWIFT_VERSION = 5.0;
				TARGETED_DEVICE_FAMILY = "1,2";
			};
			name = Release;
		};
/* End XCBuildConfiguration section */

/* Begin XCConfigurationList section */
		966D5B2A249185B5008871AB /* Build configuration list for PBXProject "CatsGallery" */ = {
			isa = XCConfigurationList;
			buildConfigurations = (
				966D5B41249185BD008871AB /* Debug */,
				966D5B42249185BD008871AB /* Release */,
			);
			defaultConfigurationIsVisible = 0;
			defaultConfigurationName = Release;
		};
		966D5B43249185BD008871AB /* Build configuration list for PBXNativeTarget "CatsGallery" */ = {
			isa = XCConfigurationList;
			buildConfigurations = (
				966D5B44249185BD008871AB /* Debug */,
				966D5B45249185BD008871AB /* Release */,
			);
			defaultConfigurationIsVisible = 0;
			defaultConfigurationName = Release;
		};
/* End XCConfigurationList section */
	};
	rootObject = 966D5B27249185B5008871AB /* Project object */;
}
